
Microsoft Visual Studio Solution File, Format Version 12.00
# Visual Studio Version 17
VisualStudioVersion = 17.0.31919.166
MinimumVisualStudioVersion = 10.0.40219.1
Project("{FAE04EC0-301F-11D3-BF4B-00C04F79EFBC}") = "ClassesCSharp", "ClassesCSharp\ClassesCSharp.csproj", "{17EED77A-3FF0-48EA-B388-3F1C32095602}"
EndProject
Global
	GlobalSection(SolutionConfigurationPlatforms) = preSolution
		Debug|Any CPU = Debug|Any CPU
		Release|Any CPU = Release|Any CPU
	EndGlobalSection
	GlobalSection(ProjectConfigurationPlatforms) = postSolution
		{17EED77A-3FF0-48EA-B388-3F1C32095602}.Debug|Any CPU.ActiveCfg = Debug|Any CPU
		{17EED77A-3FF0-48EA-B388-3F1C32095602}.Debug|Any CPU.Build.0 = Debug|Any CPU
		{17EED77A-3FF0-48EA-B388-3F1C32095602}.Release|Any CPU.ActiveCfg = Release|Any CPU
		{17EED77A-3FF0-48EA-B388-3F1C32095602}.Release|Any CPU.Build.0 = Release|Any CPU
	EndGlobalSection
	GlobalSection(SolutionProperties) = preSolution
		HideSolutionNode = FALSE
	EndGlobalSection
	GlobalSection(ExtensibilityGlobals) = postSolution
		SolutionGuid = {626CB153-1987-4EBD-A882-7B29EF8B4984}
	EndGlobalSection
EndGlobal
